
Microsoft Visual Studio Solution File, Format Version 12.00
Project("{FAE04EC0-301F-11D3-BF4B-00C04F79EFBC}") = "LinqAssignment", "LinqAssignment\LinqAssignment.csproj", "{100DBD84-A133-4072-A19B-4F6523C19173}"
EndProject
Global
	GlobalSection(SolutionConfigurationPlatforms) = preSolution
		Debug|Any CPU = Debug|Any CPU
		Release|Any CPU = Release|Any CPU
	EndGlobalSection
	GlobalSection(ProjectConfigurationPlatforms) = postSolution
		{100DBD84-A133-4072-A19B-4F6523C19173}.Debug|Any CPU.ActiveCfg = Debug|Any CPU
		{100DBD84-A133-4072-A19B-4F6523C19173}.Debug|Any CPU.Build.0 = Debug|Any CPU
		{100DBD84-A133-4072-A19B-4F6523C19173}.Release|Any CPU.ActiveCfg = Release|Any CPU
		{100DBD84-A133-4072-A19B-4F6523C19173}.Release|Any CPU.Build.0 = Release|Any CPU
	EndGlobalSection
EndGlobal
